
Microsoft Visual Studio Solution File, Format Version 12.00
# Visual Studio 2013
VisualStudioVersion = 12.0.30501.0
MinimumVisualStudioVersion = 10.0.40219.1
Project("{F2A71F9B-5D33-465A-A702-920D77279786}") = "Client", "Client\Client.fsproj", "{3999D52F-E201-47E6-B0F5-C6491FB1F625}"
EndProject
Project("{F2A71F9B-5D33-465A-A702-920D77279786}") = "Tests", "Tests\Tests.fsproj", "{0AB1D2B2-38A8-46AF-8834-7E465B27430E}"
EndProject
Global
	GlobalSection(SolutionConfigurationPlatforms) = preSolution
		Debug|Any CPU = Debug|Any CPU
		Release|Any CPU = Release|Any CPU
	EndGlobalSection
	GlobalSection(ProjectConfigurationPlatforms) = postSolution
		{3999D52F-E201-47E6-B0F5-C6491FB1F625}.Debug|Any CPU.ActiveCfg = Debug|Any CPU
		{3999D52F-E201-47E6-B0F5-C6491FB1F625}.Debug|Any CPU.Build.0 = Debug|Any CPU
		{3999D52F-E201-47E6-B0F5-C6491FB1F625}.Release|Any CPU.ActiveCfg = Release|Any CPU
		{3999D52F-E201-47E6-B0F5-C6491FB1F625}.Release|Any CPU.Build.0 = Release|Any CPU
		{0AB1D2B2-38A8-46AF-8834-7E465B27430E}.Debug|Any CPU.ActiveCfg = Debug|Any CPU
		{0AB1D2B2-38A8-46AF-8834-7E465B27430E}.Debug|Any CPU.Build.0 = Debug|Any CPU
		{0AB1D2B2-38A8-46AF-8834-7E465B27430E}.Release|Any CPU.ActiveCfg = Release|Any CPU
		{0AB1D2B2-38A8-46AF-8834-7E465B27430E}.Release|Any CPU.Build.0 = Release|Any CPU
	EndGlobalSection
	GlobalSection(SolutionProperties) = preSolution
		HideSolutionNode = FALSE
	EndGlobalSection
EndGlobal
